
Microsoft Visual Studio Solution File, Format Version 12.00
# Visual Studio Version 17
VisualStudioVersion = 17.9.34616.47
MinimumVisualStudioVersion = 10.0.40219.1
Project("{FAE04EC0-301F-11D3-BF4B-00C04F79EFBC}") = "SpitamenRTP", "SpitamenRTP\SpitamenRTP.csproj", "{4BE740E1-5F8D-455C-8B67-AACE32C8BF15}"
EndProject
Global
	GlobalSection(SolutionConfigurationPlatforms) = preSolution
		Debug|Any CPU = Debug|Any CPU
		Release|Any CPU = Release|Any CPU
	EndGlobalSection
	GlobalSection(ProjectConfigurationPlatforms) = postSolution
		{4BE740E1-5F8D-455C-8B67-AACE32C8BF15}.Debug|Any CPU.ActiveCfg = Debug|Any CPU
		{4BE740E1-5F8D-455C-8B67-AACE32C8BF15}.Debug|Any CPU.Build.0 = Debug|Any CPU
		{4BE740E1-5F8D-455C-8B67-AACE32C8BF15}.Release|Any CPU.ActiveCfg = Release|Any CPU
		{4BE740E1-5F8D-455C-8B67-AACE32C8BF15}.Release|Any CPU.Build.0 = Release|Any CPU
	EndGlobalSection
	GlobalSection(SolutionProperties) = preSolution
		HideSolutionNode = FALSE
	EndGlobalSection
	GlobalSection(ExtensibilityGlobals) = postSolution
		SolutionGuid = {C056696C-23D2-43BB-B251-D47904884401}
	EndGlobalSection
EndGlobal
